// !$*UTF8*$!
{
	archiveVersion = 1;
	classes = {
	};
	objectVersion = 56;
	objects = {

/* Begin PBXBuildFile section */
		C92B13BC29F10554009A6A93 /* CardListView.swift in Sources */ = {isa = PBXBuildFile; fileRef = C92B13BB29F10554009A6A93 /* CardListView.swift */; };
		C92B13BE29F10901009A6A93 /* Card.swift in Sources */ = {isa = PBXBuildFile; fileRef = C92B13BD29F10901009A6A93 /* Card.swift */; };
		C95B72F829EF127900779C2F /* LOCATIONApp.swift in Sources */ = {isa = PBXBuildFile; fileRef = C95B72F729EF127900779C2F /* LOCATIONApp.swift */; };
		C95B72FA29EF127900779C2F /* ContentView.swift in Sources */ = {isa = PBXBuildFile; fileRef = C95B72F929EF127900779C2F /* ContentView.swift */; };
		C95B72FC29EF127A00779C2F /* Assets.xcassets in Resources */ = {isa = PBXBuildFile; fileRef = C95B72FB29EF127A00779C2F /* Assets.xcassets */; };
		C95B72FF29EF127A00779C2F /* Preview Assets.xcassets in Resources */ = {isa = PBXBuildFile; fileRef = C95B72FE29EF127A00779C2F /* Preview Assets.xcassets */; };
		C95B730129EF127A00779C2F /* Persistence.swift in Sources */ = {isa = PBXBuildFile; fileRef = C95B730029EF127A00779C2F /* Persistence.swift */; };
		C95B730429EF127A00779C2F /* LOCATION.xcdatamodeld in Sources */ = {isa = PBXBuildFile; fileRef = C95B730229EF127A00779C2F /* LOCATION.xcdatamodeld */; };
		C95B730B29EF129E00779C2F /* LocationRequestView.swift in Sources */ = {isa = PBXBuildFile; fileRef = C95B730A29EF129E00779C2F /* LocationRequestView.swift */; };
		C95B730D29EF167900779C2F /* LocationManager.swift in Sources */ = {isa = PBXBuildFile; fileRef = C95B730C29EF167900779C2F /* LocationManager.swift */; };
		C95B731029EFB6A700779C2F /* MapView.swift in Sources */ = {isa = PBXBuildFile; fileRef = C95B730F29EFB6A700779C2F /* MapView.swift */; };
		C95B731229EFBBD600779C2F /* MainView.swift in Sources */ = {isa = PBXBuildFile; fileRef = C95B731129EFBBD600779C2F /* MainView.swift */; };
		C95B731429EFCB7E00779C2F /* Landmark.swift in Sources */ = {isa = PBXBuildFile; fileRef = C95B731329EFCB7E00779C2F /* Landmark.swift */; };
		C95B731629EFCC5200779C2F /* LandmarkAnnotation.swift in Sources */ = {isa = PBXBuildFile; fileRef = C95B731529EFCC5200779C2F /* LandmarkAnnotation.swift */; };
		C95B731829EFED7800779C2F /* PlaceListView.swift in Sources */ = {isa = PBXBuildFile; fileRef = C95B731729EFED7800779C2F /* PlaceListView.swift */; };
		C95B731A29F027B500779C2F /* MKCoordinateRegion.swift in Sources */ = {isa = PBXBuildFile; fileRef = C95B731929F027B500779C2F /* MKCoordinateRegion.swift */; };
/* End PBXBuildFile section */

/* Begin PBXFileReference section */
		C92B13BB29F10554009A6A93 /* CardListView.swift */ = {isa = PBXFileReference; lastKnownFileType = sourcecode.swift; path = CardListView.swift; sourceTree = "<group>"; };
		C92B13BD29F10901009A6A93 /* Card.swift */ = {isa = PBXFileReference; lastKnownFileType = sourcecode.swift; path = Card.swift; sourceTree = "<group>"; };
		C95B72F429EF127900779C2F /* LOCATION.app */ = {isa = PBXFileReference; explicitFileType = wrapper.application; includeInIndex = 0; path = LOCATION.app; sourceTree = BUILT_PRODUCTS_DIR; };
		C95B72F729EF127900779C2F /* LOCATIONApp.swift */ = {isa = PBXFileReference; lastKnownFileType = sourcecode.swift; path = LOCATIONApp.swift; sourceTree = "<group>"; };
		C95B72F929EF127900779C2F /* ContentView.swift */ = {isa = PBXFileReference; lastKnownFileType = sourcecode.swift; path = ContentView.swift; sourceTree = "<group>"; };
		C95B72FB29EF127A00779C2F /* Assets.xcassets */ = {isa = PBXFileReference; lastKnownFileType = folder.assetcatalog; path = Assets.xcassets; sourceTree = "<group>"; };
		C95B72FE29EF127A00779C2F /* Preview Assets.xcassets */ = {isa = PBXFileReference; lastKnownFileType = folder.assetcatalog; path = "Preview Assets.xcassets"; sourceTree = "<group>"; };
		C95B730029EF127A00779C2F /* Persistence.swift */ = {isa = PBXFileReference; lastKnownFileType = sourcecode.swift; path = Persistence.swift; sourceTree = "<group>"; };
		C95B730329EF127A00779C2F /* LOCATION.xcdatamodel */ = {isa = PBXFileReference; lastKnownFileType = wrapper.xcdatamodel; path = LOCATION.xcdatamodel; sourceTree = "<group>"; };
		C95B730A29EF129E00779C2F /* LocationRequestView.swift */ = {isa = PBXFileReference; lastKnownFileType = sourcecode.swift; path = LocationRequestView.swift; sourceTree = "<group>"; };
		C95B730C29EF167900779C2F /* LocationManager.swift */ = {isa = PBXFileReference; lastKnownFileType = sourcecode.swift; path = LocationManager.swift; sourceTree = "<group>"; };
		C95B730E29EF1AA000779C2F /* Info.plist */ = {isa = PBXFileReference; lastKnownFileType = text.plist; path = Info.plist; sourceTree = "<group>"; };
		C95B730F29EFB6A700779C2F /* MapView.swift */ = {isa = PBXFileReference; lastKnownFileType = sourcecode.swift; path = MapView.swift; sourceTree = "<group>"; };
		C95B731129EFBBD600779C2F /* MainView.swift */ = {isa = PBXFileReference; lastKnownFileType = sourcecode.swift; path = MainView.swift; sourceTree = "<group>"; };
		C95B731329EFCB7E00779C2F /* Landmark.swift */ = {isa = PBXFileReference; lastKnownFileType = sourcecode.swift; path = Landmark.swift; sourceTree = "<group>"; };
		C95B731529EFCC5200779C2F /* LandmarkAnnotation.swift */ = {isa = PBXFileReference; lastKnownFileType = sourcecode.swift; path = LandmarkAnnotation.swift; sourceTree = "<group>"; };
		C95B731729EFED7800779C2F /* PlaceListView.swift */ = {isa = PBXFileReference; lastKnownFileType = sourcecode.swift; path = PlaceListView.swift; sourceTree = "<group>"; };
		C95B731929F027B500779C2F /* MKCoordinateRegion.swift */ = {isa = PBXFileReference; lastKnownFileType = sourcecode.swift; path = MKCoordinateRegion.swift; sourceTree = "<group>"; };
/* End PBXFileReference section */

/* Begin PBXFrameworksBuildPhase section */
		C95B72F129EF127900779C2F /* Frameworks */ = {
			isa = PBXFrameworksBuildPhase;
			buildActionMask = 2147483647;
			files = (
			);
			runOnlyForDeploymentPostprocessing = 0;
		};
/* End PBXFrameworksBuildPhase section */

/* Begin PBXGroup section */
		C95B72EB29EF127900779C2F = {
			isa = PBXGroup;
			children = (
				C95B72F629EF127900779C2F /* LOCATION */,
				C95B72F529EF127900779C2F /* Products */,
			);
			sourceTree = "<group>";
		};
		C95B72F529EF127900779C2F /* Products */ = {
			isa = PBXGroup;
			children = (
				C95B72F429EF127900779C2F /* LOCATION.app */,
			);
			name = Products;
			sourceTree = "<group>";
		};
		C95B72F629EF127900779C2F /* LOCATION */ = {
			isa = PBXGroup;
			children = (
				C95B730E29EF1AA000779C2F /* Info.plist */,
				C95B72F729EF127900779C2F /* LOCATIONApp.swift */,
				C95B730F29EFB6A700779C2F /* MapView.swift */,
				C95B731929F027B500779C2F /* MKCoordinateRegion.swift */,
				C95B731129EFBBD600779C2F /* MainView.swift */,
				C95B731729EFED7800779C2F /* PlaceListView.swift */,
				C92B13BB29F10554009A6A93 /* CardListView.swift */,
				C92B13BD29F10901009A6A93 /* Card.swift */,
				C95B731329EFCB7E00779C2F /* Landmark.swift */,
				C95B731529EFCC5200779C2F /* LandmarkAnnotation.swift */,
				C95B72F929EF127900779C2F /* ContentView.swift */,
				C95B730A29EF129E00779C2F /* LocationRequestView.swift */,
				C95B730C29EF167900779C2F /* LocationManager.swift */,
				C95B72FB29EF127A00779C2F /* Assets.xcassets */,
				C95B730029EF127A00779C2F /* Persistence.swift */,
				C95B730229EF127A00779C2F /* LOCATION.xcdatamodeld */,
				C95B72FD29EF127A00779C2F /* Preview Content */,
			);
			path = LOCATION;
			sourceTree = "<group>";
		};
		C95B72FD29EF127A00779C2F /* Preview Content */ = {
			isa = PBXGroup;
			children = (
				C95B72FE29EF127A00779C2F /* Preview Assets.xcassets */,
			);
			path = "Preview Content";
			sourceTree = "<group>";
		};
/* End PBXGroup section */

/* Begin PBXNativeTarget section */
		C95B72F329EF127900779C2F /* LOCATION */ = {
			isa = PBXNativeTarget;
			buildConfigurationList = C95B730729EF127A00779C2F /* Build configuration list for PBXNativeTarget "LOCATION" */;
			buildPhases = (
				C95B72F029EF127900779C2F /* Sources */,
				C95B72F129EF127900779C2F /* Frameworks */,
				C95B72F229EF127900779C2F /* Resources */,
			);
			buildRules = (
			);
			dependencies = (
			);
			name = LOCATION;
			productName = LOCATION;
			productReference = C95B72F429EF127900779C2F /* LOCATION.app */;
			productType = "com.apple.product-type.application";
		};
/* End PBXNativeTarget section */

/* Begin PBXProject section */
		C95B72EC29EF127900779C2F /* Project object */ = {
			isa = PBXProject;
			attributes = {
				BuildIndependentTargetsInParallel = 1;
				LastSwiftUpdateCheck = 1430;
				LastUpgradeCheck = 1430;
				TargetAttributes = {
					C95B72F329EF127900779C2F = {
						CreatedOnToolsVersion = 14.3;
					};
				};
			};
			buildConfigurationList = C95B72EF29EF127900779C2F /* Build configuration list for PBXProject "LOCATION" */;
			compatibilityVersion = "Xcode 14.0";
			developmentRegion = en;
			hasScannedForEncodings = 0;
			knownRegions = (
				en,
				Base,
			);
			mainGroup = C95B72EB29EF127900779C2F;
			productRefGroup = C95B72F529EF127900779C2F /* Products */;
			projectDirPath = "";
			projectRoot = "";
			targets = (
				C95B72F329EF127900779C2F /* LOCATION */,
			);
		};
/* End PBXProject section */

/* Begin PBXResourcesBuildPhase section */
		C95B72F229EF127900779C2F /* Resources */ = {
			isa = PBXResourcesBuildPhase;
			buildActionMask = 2147483647;
			files = (
				C95B72FF29EF127A00779C2F /* Preview Assets.xcassets in Resources */,
				C95B72FC29EF127A00779C2F /* Assets.xcassets in Resources */,
			);
			runOnlyForDeploymentPostprocessing = 0;
		};
/* End PBXResourcesBuildPhase section */

/* Begin PBXSourcesBuildPhase section */
		C95B72F029EF127900779C2F /* Sources */ = {
			isa = PBXSourcesBuildPhase;
			buildActionMask = 2147483647;
			files = (
				C95B731029EFB6A700779C2F /* MapView.swift in Sources */,
				C95B731229EFBBD600779C2F /* MainView.swift in Sources */,
				C95B731629EFCC5200779C2F /* LandmarkAnnotation.swift in Sources */,
				C95B730129EF127A00779C2F /* Persistence.swift in Sources */,
				C95B72FA29EF127900779C2F /* ContentView.swift in Sources */,
				C95B731829EFED7800779C2F /* PlaceListView.swift in Sources */,
				C95B730D29EF167900779C2F /* LocationManager.swift in Sources */,
				C95B731429EFCB7E00779C2F /* Landmark.swift in Sources */,
				C95B730429EF127A00779C2F /* LOCATION.xcdatamodeld in Sources */,
				C92B13BE29F10901009A6A93 /* Card.swift in Sources */,
				C95B730B29EF129E00779C2F /* LocationRequestView.swift in Sources */,
				C95B72F829EF127900779C2F /* LOCATIONApp.swift in Sources */,
				C92B13BC29F10554009A6A93 /* CardListView.swift in Sources */,
				C95B731A29F027B500779C2F /* MKCoordinateRegion.swift in Sources */,
			);
			runOnlyForDeploymentPostprocessing = 0;
		};
/* End PBXSourcesBuildPhase section */

/* Begin XCBuildConfiguration section */
		C95B730529EF127A00779C2F /* Debug */ = {
			isa = XCBuildConfiguration;
			buildSettings = {
				ALWAYS_SEARCH_USER_PATHS = NO;
				CLANG_ANALYZER_NONNULL = YES;
				CLANG_ANALYZER_NUMBER_OBJECT_CONVERSION = YES_AGGRESSIVE;
				CLANG_CXX_LANGUAGE_STANDARD = "gnu++20";
				CLANG_ENABLE_MODULES = YES;
				CLANG_ENABLE_OBJC_ARC = YES;
				CLANG_ENABLE_OBJC_WEAK = YES;
				CLANG_WARN_BLOCK_CAPTURE_AUTORELEASING = YES;
				CLANG_WARN_BOOL_CONVERSION = YES;
				CLANG_WARN_COMMA = YES;
				CLANG_WARN_CONSTANT_CONVERSION = YES;
				CLANG_WARN_DEPRECATED_OBJC_IMPLEMENTATIONS = YES;
				CLANG_WARN_DIRECT_OBJC_ISA_USAGE = YES_ERROR;
				CLANG_WARN_DOCUMENTATION_COMMENTS = YES;
				CLANG_WARN_EMPTY_BODY = YES;
				CLANG_WARN_ENUM_CONVERSION = YES;
				CLANG_WARN_INFINITE_RECURSION = YES;
				CLANG_WARN_INT_CONVERSION = YES;
				CLANG_WARN_NON_LITERAL_NULL_CONVERSION = YES;
				CLANG_WARN_OBJC_IMPLICIT_RETAIN_SELF = YES;
				CLANG_WARN_OBJC_LITERAL_CONVERSION = YES;
				CLANG_WARN_OBJC_ROOT_CLASS = YES_ERROR;
				CLANG_WARN_QUOTED_INCLUDE_IN_FRAMEWORK_HEADER = YES;
				CLANG_WARN_RANGE_LOOP_ANALYSIS = YES;
				CLANG_WARN_STRICT_PROTOTYPES = YES;
				CLANG_WARN_SUSPICIOUS_MOVE = YES;
				CLANG_WARN_UNGUARDED_AVAILABILITY = YES_AGGRESSIVE;
				CLANG_WARN_UNREACHABLE_CODE = YES;
				CLANG_WARN__DUPLICATE_METHOD_MATCH = YES;
				COPY_PHASE_STRIP = NO;
				DEBUG_INFORMATION_FORMAT = dwarf;
				ENABLE_STRICT_OBJC_MSGSEND = YES;
				ENABLE_TESTABILITY = YES;
				GCC_C_LANGUAGE_STANDARD = gnu11;
				GCC_DYNAMIC_NO_PIC = NO;
				GCC_NO_COMMON_BLOCKS = YES;
				GCC_OPTIMIZATION_LEVEL = 0;
				GCC_PREPROCESSOR_DEFINITIONS = (
					"DEBUG=1",
					"$(inherited)",
				);
				GCC_WARN_64_TO_32_BIT_CONVERSION = YES;
				GCC_WARN_ABOUT_RETURN_TYPE = YES_ERROR;
				GCC_WARN_UNDECLARED_SELECTOR = YES;
				GCC_WARN_UNINITIALIZED_AUTOS = YES_AGGRESSIVE;
				GCC_WARN_UNUSED_FUNCTION = YES;
				GCC_WARN_UNUSED_VARIABLE = YES;
				IPHONEOS_DEPLOYMENT_TARGET = 16.4;
				MTL_ENABLE_DEBUG_INFO = INCLUDE_SOURCE;
				MTL_FAST_MATH = YES;
				ONLY_ACTIVE_ARCH = YES;
				SDKROOT = iphoneos;
				SWIFT_ACTIVE_COMPILATION_CONDITIONS = DEBUG;
				SWIFT_OPTIMIZATION_LEVEL = "-Onone";
			};
			name = Debug;
		};
		C95B730629EF127A00779C2F /* Release */ = {
			isa = XCBuildConfiguration;
			buildSettings = {
				ALWAYS_SEARCH_USER_PATHS = NO;
				CLANG_ANALYZER_NONNULL = YES;
				CLANG_ANALYZER_NUMBER_OBJECT_CONVERSION = YES_AGGRESSIVE;
				CLANG_CXX_LANGUAGE_STANDARD = "gnu++20";
				CLANG_ENABLE_MODULES = YES;
				CLANG_ENABLE_OBJC_ARC = YES;
				CLANG_ENABLE_OBJC_WEAK = YES;
				CLANG_WARN_BLOCK_CAPTURE_AUTORELEASING = YES;
				CLANG_WARN_BOOL_CONVERSION = YES;
				CLANG_WARN_COMMA = YES;
				CLANG_WARN_CONSTANT_CONVERSION = YES;
				CLANG_WARN_DEPRECATED_OBJC_IMPLEMENTATIONS = YES;
				CLANG_WARN_DIRECT_OBJC_ISA_USAGE = YES_ERROR;
				CLANG_WARN_DOCUMENTATION_COMMENTS = YES;
				CLANG_WARN_EMPTY_BODY = YES;
				CLANG_WARN_ENUM_CONVERSION = YES;
				CLANG_WARN_INFINITE_RECURSION = YES;
				CLANG_WARN_INT_CONVERSION = YES;
				CLANG_WARN_NON_LITERAL_NULL_CONVERSION = YES;
				CLANG_WARN_OBJC_IMPLICIT_RETAIN_SELF = YES;
				CLANG_WARN_OBJC_LITERAL_CONVERSION = YES;
				CLANG_WARN_OBJC_ROOT_CLASS = YES_ERROR;
				CLANG_WARN_QUOTED_INCLUDE_IN_FRAMEWORK_HEADER = YES;
				CLANG_WARN_RANGE_LOOP_ANALYSIS = YES;
				CLANG_WARN_STRICT_PROTOTYPES = YES;
				CLANG_WARN_SUSPICIOUS_MOVE = YES;
				CLANG_WARN_UNGUARDED_AVAILABILITY = YES_AGGRESSIVE;
				CLANG_WARN_UNREACHABLE_CODE = YES;
				CLANG_WARN__DUPLICATE_METHOD_MATCH = YES;
				COPY_PHASE_STRIP = NO;
				DEBUG_INFORMATION_FORMAT = "dwarf-with-dsym";
				ENABLE_NS_ASSERTIONS = NO;
				ENABLE_STRICT_OBJC_MSGSEND = YES;
				GCC_C_LANGUAGE_STANDARD = gnu11;
				GCC_NO_COMMON_BLOCKS = YES;
				GCC_WARN_64_TO_32_BIT_CONVERSION = YES;
				GCC_WARN_ABOUT_RETURN_TYPE = YES_ERROR;
				GCC_WARN_UNDECLARED_SELECTOR = YES;
				GCC_WARN_UNINITIALIZED_AUTOS = YES_AGGRESSIVE;
				GCC_WARN_UNUSED_FUNCTION = YES;
				GCC_WARN_UNUSED_VARIABLE = YES;
				IPHONEOS_DEPLOYMENT_TARGET = 16.4;
				MTL_ENABLE_DEBUG_INFO = NO;
				MTL_FAST_MATH = YES;
				SDKROOT = iphoneos;
				SWIFT_COMPILATION_MODE = wholemodule;
				SWIFT_OPTIMIZATION_LEVEL = "-O";
				VALIDATE_PRODUCT = YES;
			};
			name = Release;
		};
		C95B730829EF127A00779C2F /* Debug */ = {
			isa = XCBuildConfiguration;
			buildSettings = {
				ASSETCATALOG_COMPILER_APPICON_NAME = AppIcon;
				ASSETCATALOG_COMPILER_GLOBAL_ACCENT_COLOR_NAME = AccentColor;
				CODE_SIGN_STYLE = Automatic;
				CURRENT_PROJECT_VERSION = 1;
				DEVELOPMENT_ASSET_PATHS = "\"LOCATION/Preview Content\"";
				DEVELOPMENT_TEAM = 7UYK6M3ATF;
				ENABLE_PREVIEWS = YES;
				GENERATE_INFOPLIST_FILE = YES;
				INFOPLIST_FILE = LOCATION/Info.plist;
				INFOPLIST_KEY_NSLocationWhenInUseUsageDescription = "Allow location";
				INFOPLIST_KEY_UIApplicationSceneManifest_Generation = YES;
				INFOPLIST_KEY_UIApplicationSupportsIndirectInputEvents = YES;
				INFOPLIST_KEY_UILaunchScreen_Generation = YES;
				INFOPLIST_KEY_UISupportedInterfaceOrientations_iPad = "UIInterfaceOrientationPortrait UIInterfaceOrientationPortraitUpsideDown UIInterfaceOrientationLandscapeLeft UIInterfaceOrientationLandscapeRight";
				INFOPLIST_KEY_UISupportedInterfaceOrientations_iPhone = "UIInterfaceOrientationPortrait UIInterfaceOrientationLandscapeLeft UIInterfaceOrientationLandscapeRight";
				IPHONEOS_DEPLOYMENT_TARGET = 16.3;
				LD_RUNPATH_SEARCH_PATHS = (
					"$(inherited)",
					"@executable_path/Frameworks",
				);
				MARKETING_VERSION = 1.0;
				PRODUCT_BUNDLE_IDENTIFIER = ritamarrano.LOCATION;
				PRODUCT_NAME = "$(TARGET_NAME)";
				SWIFT_EMIT_LOC_STRINGS = YES;
				SWIFT_VERSION = 5.0;
				TARGETED_DEVICE_FAMILY = "1,2";
			};
			name = Debug;
		};
		C95B730929EF127A00779C2F /* Release */ = {
			isa = XCBuildConfiguration;
			buildSettings = {
				ASSETCATALOG_COMPILER_APPICON_NAME = AppIcon;
				ASSETCATALOG_COMPILER_GLOBAL_ACCENT_COLOR_NAME = AccentColor;
				CODE_SIGN_STYLE = Automatic;
				CURRENT_PROJECT_VERSION = 1;
				DEVELOPMENT_ASSET_PATHS = "\"LOCATION/Preview Content\"";
				DEVELOPMENT_TEAM = 7UYK6M3ATF;
				ENABLE_PREVIEWS = YES;
				GENERATE_INFOPLIST_FILE = YES;
				INFOPLIST_FILE = LOCATION/Info.plist;
				INFOPLIST_KEY_NSLocationWhenInUseUsageDescription = "Allow location";
				INFOPLIST_KEY_UIApplicationSceneManifest_Generation = YES;
				INFOPLIST_KEY_UIApplicationSupportsIndirectInputEvents = YES;
				INFOPLIST_KEY_UILaunchScreen_Generation = YES;
				INFOPLIST_KEY_UISupportedInterfaceOrientations_iPad = "UIInterfaceOrientationPortrait UIInterfaceOrientationPortraitUpsideDown UIInterfaceOrientationLandscapeLeft UIInterfaceOrientationLandscapeRight";
				INFOPLIST_KEY_UISupportedInterfaceOrientations_iPhone = "UIInterfaceOrientationPortrait UIInterfaceOrientationLandscapeLeft UIInterfaceOrientationLandscapeRight";
				IPHONEOS_DEPLOYMENT_TARGET = 16.3;
				LD_RUNPATH_SEARCH_PATHS = (
					"$(inherited)",
					"@executable_path/Frameworks",
				);
				MARKETING_VERSION = 1.0;
				PRODUCT_BUNDLE_IDENTIFIER = ritamarrano.LOCATION;
				PRODUCT_NAME = "$(TARGET_NAME)";
				SWIFT_EMIT_LOC_STRINGS = YES;
				SWIFT_VERSION = 5.0;
				TARGETED_DEVICE_FAMILY = "1,2";
			};
			name = Release;
		};
/* End XCBuildConfiguration section */

/* Begin XCConfigurationList section */
		C95B72EF29EF127900779C2F /* Build configuration list for PBXProject "LOCATION" */ = {
			isa = XCConfigurationList;
			buildConfigurations = (
				C95B730529EF127A00779C2F /* Debug */,
				C95B730629EF127A00779C2F /* Release */,
			);
			defaultConfigurationIsVisible = 0;
			defaultConfigurationName = Release;
		};
		C95B730729EF127A00779C2F /* Build configuration list for PBXNativeTarget "LOCATION" */ = {
			isa = XCConfigurationList;
			buildConfigurations = (
				C95B730829EF127A00779C2F /* Debug */,
				C95B730929EF127A00779C2F /* Release */,
			);
			defaultConfigurationIsVisible = 0;
			defaultConfigurationName = Release;
		};
/* End XCConfigurationList section */

/* Begin XCVersionGroup section */
		C95B730229EF127A00779C2F /* LOCATION.xcdatamodeld */ = {
			isa = XCVersionGroup;
			children = (
				C95B730329EF127A00779C2F /* LOCATION.xcdatamodel */,
			);
			currentVersion = C95B730329EF127A00779C2F /* LOCATION.xcdatamodel */;
			path = LOCATION.xcdatamodeld;
			sourceTree = "<group>";
			versionGroupType = wrapper.xcdatamodel;
		};
/* End XCVersionGroup section */
	};
	rootObject = C95B72EC29EF127900779C2F /* Project object */;
}
